
Microsoft Visual Studio Solution File, Format Version 12.00
# Visual Studio Version 16
VisualStudioVersion = 16.0.29519.181
MinimumVisualStudioVersion = 10.0.40219.1
Project("{FAE04EC0-301F-11D3-BF4B-00C04F79EFBC}") = "HowToUseQueues", "HowToUseQueues\HowToUseQueues.csproj", "{82EE3CD1-E922-4142-8582-247F19676C83}"
EndProject
Global
	GlobalSection(SolutionConfigurationPlatforms) = preSolution
		Debug|Any CPU = Debug|Any CPU
		Release|Any CPU = Release|Any CPU
	EndGlobalSection
	GlobalSection(ProjectConfigurationPlatforms) = postSolution
		{82EE3CD1-E922-4142-8582-247F19676C83}.Debug|Any CPU.ActiveCfg = Debug|Any CPU
		{82EE3CD1-E922-4142-8582-247F19676C83}.Debug|Any CPU.Build.0 = Debug|Any CPU
		{82EE3CD1-E922-4142-8582-247F19676C83}.Release|Any CPU.ActiveCfg = Release|Any CPU
		{82EE3CD1-E922-4142-8582-247F19676C83}.Release|Any CPU.Build.0 = Release|Any CPU
	EndGlobalSection
	GlobalSection(SolutionProperties) = preSolution
		HideSolutionNode = FALSE
	EndGlobalSection
	GlobalSection(ExtensibilityGlobals) = postSolution
		SolutionGuid = {DE075334-0A5A-4F0D-AAB6-0AF085F999CF}
	EndGlobalSection
EndGlobal
